
Microsoft Visual Studio Solution File, Format Version 12.00
# Visual Studio Version 17
VisualStudioVersion = 17.5.33414.496
MinimumVisualStudioVersion = 10.0.40219.1
Project("{9A19103F-16F7-4668-BE54-9A1E7A4F7556}") = "Abstractions", "Abstractions\Abstractions.csproj", "{142E5931-E352-480B-A005-A8D63B34BE4B}"
EndProject
Project("{9A19103F-16F7-4668-BE54-9A1E7A4F7556}") = "Infrastructure", "Infrastructure\Infrastructure.csproj", "{60A6899F-F2A0-429E-A7A8-21754D6AB73F}"
EndProject
Project("{9A19103F-16F7-4668-BE54-9A1E7A4F7556}") = "Security", "Security\Security.csproj", "{9A628D86-64E8-47F5-90A1-C78C278A8F00}"
EndProject
Project("{9A19103F-16F7-4668-BE54-9A1E7A4F7556}") = "Analytics", "Analytics\Analytics.csproj", "{29C70B9C-3C8E-4300-9C69-C6B60456490C}"
EndProject
Project("{FAE04EC0-301F-11D3-BF4B-00C04F79EFBC}") = "MaLe", "MaLe\MaLe.csproj", "{5A9511D3-CFDA-4A0C-98AC-BE56CC6AF9DE}"
EndProject
Global
	GlobalSection(SolutionConfigurationPlatforms) = preSolution
		Debug|Any CPU = Debug|Any CPU
		Release|Any CPU = Release|Any CPU
	EndGlobalSection
	GlobalSection(ProjectConfigurationPlatforms) = postSolution
		{142E5931-E352-480B-A005-A8D63B34BE4B}.Debug|Any CPU.ActiveCfg = Debug|Any CPU
		{142E5931-E352-480B-A005-A8D63B34BE4B}.Debug|Any CPU.Build.0 = Debug|Any CPU
		{142E5931-E352-480B-A005-A8D63B34BE4B}.Release|Any CPU.ActiveCfg = Release|Any CPU
		{142E5931-E352-480B-A005-A8D63B34BE4B}.Release|Any CPU.Build.0 = Release|Any CPU
		{60A6899F-F2A0-429E-A7A8-21754D6AB73F}.Debug|Any CPU.ActiveCfg = Debug|Any CPU
		{60A6899F-F2A0-429E-A7A8-21754D6AB73F}.Debug|Any CPU.Build.0 = Debug|Any CPU
		{60A6899F-F2A0-429E-A7A8-21754D6AB73F}.Release|Any CPU.ActiveCfg = Release|Any CPU
		{60A6899F-F2A0-429E-A7A8-21754D6AB73F}.Release|Any CPU.Build.0 = Release|Any CPU
		{9A628D86-64E8-47F5-90A1-C78C278A8F00}.Debug|Any CPU.ActiveCfg = Debug|Any CPU
		{9A628D86-64E8-47F5-90A1-C78C278A8F00}.Debug|Any CPU.Build.0 = Debug|Any CPU
		{9A628D86-64E8-47F5-90A1-C78C278A8F00}.Release|Any CPU.ActiveCfg = Release|Any CPU
		{9A628D86-64E8-47F5-90A1-C78C278A8F00}.Release|Any CPU.Build.0 = Release|Any CPU
		{29C70B9C-3C8E-4300-9C69-C6B60456490C}.Debug|Any CPU.ActiveCfg = Debug|Any CPU
		{29C70B9C-3C8E-4300-9C69-C6B60456490C}.Debug|Any CPU.Build.0 = Debug|Any CPU
		{29C70B9C-3C8E-4300-9C69-C6B60456490C}.Release|Any CPU.ActiveCfg = Release|Any CPU
		{29C70B9C-3C8E-4300-9C69-C6B60456490C}.Release|Any CPU.Build.0 = Release|Any CPU
		{5A9511D3-CFDA-4A0C-98AC-BE56CC6AF9DE}.Debug|Any CPU.ActiveCfg = Debug|Any CPU
		{5A9511D3-CFDA-4A0C-98AC-BE56CC6AF9DE}.Debug|Any CPU.Build.0 = Debug|Any CPU
		{5A9511D3-CFDA-4A0C-98AC-BE56CC6AF9DE}.Release|Any CPU.ActiveCfg = Release|Any CPU
		{5A9511D3-CFDA-4A0C-98AC-BE56CC6AF9DE}.Release|Any CPU.Build.0 = Release|Any CPU
	EndGlobalSection
	GlobalSection(SolutionProperties) = preSolution
		HideSolutionNode = FALSE
	EndGlobalSection
	GlobalSection(ExtensibilityGlobals) = postSolution
		SolutionGuid = {16D15D70-614D-4A0D-A903-26AB00A0F0EF}
	EndGlobalSection
EndGlobal
