
Microsoft Visual Studio Solution File, Format Version 12.00
# Visual Studio Version 17
VisualStudioVersion = 17.5.33414.496
MinimumVisualStudioVersion = 10.0.40219.1
Project("{FAE04EC0-301F-11D3-BF4B-00C04F79EFBC}") = "CollectorFake", "CollectorFake\CollectorFake.csproj", "{60CEFB55-330C-49DA-BF0D-5F4699CEDD4E}"
EndProject
Project("{FAE04EC0-301F-11D3-BF4B-00C04F79EFBC}") = "Security", "Security\Security.csproj", "{2701C8E6-CE26-4907-B5D9-9C1753454A6D}"
EndProject
Global
	GlobalSection(SolutionConfigurationPlatforms) = preSolution
		Debug|Any CPU = Debug|Any CPU
		Release|Any CPU = Release|Any CPU
	EndGlobalSection
	GlobalSection(ProjectConfigurationPlatforms) = postSolution
		{60CEFB55-330C-49DA-BF0D-5F4699CEDD4E}.Debug|Any CPU.ActiveCfg = Debug|Any CPU
		{60CEFB55-330C-49DA-BF0D-5F4699CEDD4E}.Debug|Any CPU.Build.0 = Debug|Any CPU
		{60CEFB55-330C-49DA-BF0D-5F4699CEDD4E}.Release|Any CPU.ActiveCfg = Release|Any CPU
		{60CEFB55-330C-49DA-BF0D-5F4699CEDD4E}.Release|Any CPU.Build.0 = Release|Any CPU
		{2701C8E6-CE26-4907-B5D9-9C1753454A6D}.Debug|Any CPU.ActiveCfg = Debug|Any CPU
		{2701C8E6-CE26-4907-B5D9-9C1753454A6D}.Debug|Any CPU.Build.0 = Debug|Any CPU
		{2701C8E6-CE26-4907-B5D9-9C1753454A6D}.Release|Any CPU.ActiveCfg = Release|Any CPU
		{2701C8E6-CE26-4907-B5D9-9C1753454A6D}.Release|Any CPU.Build.0 = Release|Any CPU
	EndGlobalSection
	GlobalSection(SolutionProperties) = preSolution
		HideSolutionNode = FALSE
	EndGlobalSection
	GlobalSection(ExtensibilityGlobals) = postSolution
		SolutionGuid = {9B0BEB21-56EF-486E-BEEE-82D63C55B025}
	EndGlobalSection
EndGlobal
